lockfileVersion: '9.0'

settings:
  autoInstallPeers: true
  excludeLinksFromLockfile: false

importers:

  .:
    dependencies:
      ags:
        specifier: github:Aylur/ags
        version: https://codeload.github.com/Aylur/ags/tar.gz/e169694390548dfd38ff40f1ef2163d6c3ffe3ea(gnim@1.9.0)
      clsx:
        specifier: ^2.1.1
        version: 2.1.1
      es-toolkit:
        specifier: ^1.44.0
        version: 1.44.0
      zod:
        specifier: ^4.3.6
        version: 4.3.6
    devDependencies:
      '@biomejs/biome':
        specifier: ^2.3.13
        version: 2.3.13

packages:

  '@biomejs/biome@2.3.13':
    resolution: {integrity: sha512-Fw7UsV0UAtWIBIm0M7g5CRerpu1eKyKAXIazzxhbXYUyMkwNrkX/KLkGI7b+uVDQ5cLUMfOC9vR60q9IDYDstA==}
    engines: {node: '>=14.21.3'}
    hasBin: true

  '@biomejs/cli-darwin-arm64@2.3.13':
    resolution: {integrity: sha512-0OCwP0/BoKzyJHnFdaTk/i7hIP9JHH9oJJq6hrSCPmJPo8JWcJhprK4gQlhFzrwdTBAW4Bjt/RmCf3ZZe59gwQ==}
    engines: {node: '>=14.21.3'}
    cpu: [arm64]
    os: [darwin]

  '@biomejs/cli-darwin-x64@2.3.13':
    resolution: {integrity: sha512-AGr8OoemT/ejynbIu56qeil2+F2WLkIjn2d8jGK1JkchxnMUhYOfnqc9sVzcRxpG9Ycvw4weQ5sprRvtb7Yhcw==}
    engines: {node: '>=14.21.3'}
    cpu: [x64]
    os: [darwin]

  '@biomejs/cli-linux-arm64-musl@2.3.13':
    resolution: {integrity: sha512-TUdDCSY+Eo/EHjhJz7P2GnWwfqet+lFxBZzGHldrvULr59AgahamLs/N85SC4+bdF86EhqDuuw9rYLvLFWWlXA==}
    engines: {node: '>=14.21.3'}
    cpu: [arm64]
    os: [linux]

  '@biomejs/cli-linux-arm64@2.3.13':
    resolution: {integrity: sha512-xvOiFkrDNu607MPMBUQ6huHmBG1PZLOrqhtK6pXJW3GjfVqJg0Z/qpTdhXfcqWdSZHcT+Nct2fOgewZvytESkw==}
    engines: {node: '>=14.21.3'}
    cpu: [arm64]
    os: [linux]

  '@biomejs/cli-linux-x64-musl@2.3.13':
    resolution: {integrity: sha512-0bdwFVSbbM//Sds6OjtnmQGp4eUjOTt6kHvR/1P0ieR9GcTUAlPNvPC3DiavTqq302W34Ae2T6u5VVNGuQtGlQ==}
    engines: {node: '>=14.21.3'}
    cpu: [x64]
    os: [linux]

  '@biomejs/cli-linux-x64@2.3.13':
    resolution: {integrity: sha512-s+YsZlgiXNq8XkgHs6xdvKDFOj/bwTEevqEY6rC2I3cBHbxXYU1LOZstH3Ffw9hE5tE1sqT7U23C00MzkXztMw==}
    engines: {node: '>=14.21.3'}
    cpu: [x64]
    os: [linux]

  '@biomejs/cli-win32-arm64@2.3.13':
    resolution: {integrity: sha512-QweDxY89fq0VvrxME+wS/BXKmqMrOTZlN9SqQ79kQSIc3FrEwvW/PvUegQF6XIVaekncDykB5dzPqjbwSKs9DA==}
    engines: {node: '>=14.21.3'}
    cpu: [arm64]
    os: [win32]

  '@biomejs/cli-win32-x64@2.3.13':
    resolution: {integrity: sha512-trDw2ogdM2lyav9WFQsdsfdVy1dvZALymRpgmWsvSez0BJzBjulhOT/t+wyKeh3pZWvwP3VMs1SoOKwO3wecMQ==}
    engines: {node: '>=14.21.3'}
    cpu: [x64]
    os: [win32]

  ags@https://codeload.github.com/Aylur/ags/tar.gz/e169694390548dfd38ff40f1ef2163d6c3ffe3ea:
    resolution: {tarball: https://codeload.github.com/Aylur/ags/tar.gz/e169694390548dfd38ff40f1ef2163d6c3ffe3ea}
    version: 3.1.0
    engines: {gjs: '>=1.79.0'}
    os: [linux]
    peerDependencies:
      gnim: ^1.9.0

  clsx@2.1.1:
    resolution: {integrity: sha512-eYm0QWBtUrBWZWG0d386OGAw16Z995PiOVo2B7bjWSbHedGl5e0ZWaq65kOGgUSNesEIDkB9ISbTg/JK9dhCZA==}
    engines: {node: '>=6'}

  es-toolkit@1.44.0:
    resolution: {integrity: sha512-6penXeZalaV88MM3cGkFZZfOoLGWshWWfdy0tWw/RlVVyhvMaWSBTOvXNeiW3e5FwdS5ePW0LGEu17zT139ktg==}

  gnim@1.9.0:
    resolution: {integrity: sha512-ubtl+BkcHFYImLQN/dg7XtM6VpOMZy1KlXOF+W/QlBVFG+c07lf+hC+bAkPqkyLwL1YUEIoLtk7iXlIuhbOYPA==}
    engines: {gjs: '>=1.79.0'}

  zod@4.3.6:
    resolution: {integrity: sha512-rftlrkhHZOcjDwkGlnUtZZkvaPHCsDATp4pGpuOOMDaTdDDXF91wuVDJoWoPsKX/3YPQ5fHuF3STjcYyKr+Qhg==}

snapshots:

  '@biomejs/biome@2.3.13':
    optionalDependencies:
      '@biomejs/cli-darwin-arm64': 2.3.13
      '@biomejs/cli-darwin-x64': 2.3.13
      '@biomejs/cli-linux-arm64': 2.3.13
      '@biomejs/cli-linux-arm64-musl': 2.3.13
      '@biomejs/cli-linux-x64': 2.3.13
      '@biomejs/cli-linux-x64-musl': 2.3.13
      '@biomejs/cli-win32-arm64': 2.3.13
      '@biomejs/cli-win32-x64': 2.3.13

  '@biomejs/cli-darwin-arm64@2.3.13':
    optional: true

  '@biomejs/cli-darwin-x64@2.3.13':
    optional: true

  '@biomejs/cli-linux-arm64-musl@2.3.13':
    optional: true

  '@biomejs/cli-linux-arm64@2.3.13':
    optional: true

  '@biomejs/cli-linux-x64-musl@2.3.13':
    optional: true

  '@biomejs/cli-linux-x64@2.3.13':
    optional: true

  '@biomejs/cli-win32-arm64@2.3.13':
    optional: true

  '@biomejs/cli-win32-x64@2.3.13':
    optional: true

  ags@https://codeload.github.com/Aylur/ags/tar.gz/e169694390548dfd38ff40f1ef2163d6c3ffe3ea(gnim@1.9.0):
    dependencies:
      gnim: 1.9.0

  clsx@2.1.1: {}

  es-toolkit@1.44.0: {}

  gnim@1.9.0: {}

  zod@4.3.6: {}
